// !$*UTF8*$!
{
	archiveVersion = 1;
	classes = {
	};
	objectVersion = 50;
	objects = {

/* Begin PBXBuildFile section */
		6E4702FE20CED0FA00E71EFA /* AppDelegate.swift in Sources */ = {isa = PBXBuildFile; fileRef = 6E4702FD20CED0FA00E71EFA /* AppDelegate.swift */; };
		6E47030020CED0FA00E71EFA /* ViewController.swift in Sources */ = {isa = PBXBuildFile; fileRef = 6E4702FF20CED0FA00E71EFA /* ViewController.swift */; };
		6E47030320CED0FA00E71EFA /* Main.storyboard in Resources */ = {isa = PBXBuildFile; fileRef = 6E47030120CED0FA00E71EFA /* Main.storyboard */; };
		6E47030620CED0FA00E71EFA /* CampeoesdaCopa.xcdatamodeld in Sources */ = {isa = PBXBuildFile; fileRef = 6E47030420CED0FA00E71EFA /* CampeoesdaCopa.xcdatamodeld */; };
		6E47030820CED0FD00E71EFA /* Assets.xcassets in Resources */ = {isa = PBXBuildFile; fileRef = 6E47030720CED0FD00E71EFA /* Assets.xcassets */; };
		6E47030B20CED0FD00E71EFA /* LaunchScreen.storyboard in Resources */ = {isa = PBXBuildFile; fileRef = 6E47030920CED0FD00E71EFA /* LaunchScreen.storyboard */; };
		6E47031620CED0FD00E71EFA /* CampeoesdaCopaTests.swift in Sources */ = {isa = PBXBuildFile; fileRef = 6E47031520CED0FD00E71EFA /* CampeoesdaCopaTests.swift */; };
		6E47032120CED0FD00E71EFA /* CampeoesdaCopaUITests.swift in Sources */ = {isa = PBXBuildFile; fileRef = 6E47032020CED0FD00E71EFA /* CampeoesdaCopaUITests.swift */; };
/* End PBXBuildFile section */

/* Begin PBXContainerItemProxy section */
		6E47031220CED0FD00E71EFA /* PBXContainerItemProxy */ = {
			isa = PBXContainerItemProxy;
			containerPortal = 6E4702F220CED0FA00E71EFA /* Project object */;
			proxyType = 1;
			remoteGlobalIDString = 6E4702F920CED0FA00E71EFA;
			remoteInfo = CampeoesdaCopa;
		};
		6E47031D20CED0FD00E71EFA /* PBXContainerItemProxy */ = {
			isa = PBXContainerItemProxy;
			containerPortal = 6E4702F220CED0FA00E71EFA /* Project object */;
			proxyType = 1;
			remoteGlobalIDString = 6E4702F920CED0FA00E71EFA;
			remoteInfo = CampeoesdaCopa;
		};
/* End PBXContainerItemProxy section */

/* Begin PBXFileReference section */
		6E4702FA20CED0FA00E71EFA /* CampeoesdaCopa.app */ = {isa = PBXFileReference; explicitFileType = wrapper.application; includeInIndex = 0; path = CampeoesdaCopa.app; sourceTree = BUILT_PRODUCTS_DIR; };
		6E4702FD20CED0FA00E71EFA /* AppDelegate.swift */ = {isa = PBXFileReference; lastKnownFileType = sourcecode.swift; path = AppDelegate.swift; sourceTree = "<group>"; };
		6E4702FF20CED0FA00E71EFA /* ViewController.swift */ = {isa = PBXFileReference; lastKnownFileType = sourcecode.swift; path = ViewController.swift; sourceTree = "<group>"; };
		6E47030220CED0FA00E71EFA /* Base */ = {isa = PBXFileReference; lastKnownFileType = file.storyboard; name = Base; path = Base.lproj/Main.storyboard; sourceTree = "<group>"; };
		6E47030520CED0FA00E71EFA /* CampeoesdaCopa.xcdatamodel */ = {isa = PBXFileReference; lastKnownFileType = wrapper.xcdatamodel; path = CampeoesdaCopa.xcdatamodel; sourceTree = "<group>"; };
		6E47030720CED0FD00E71EFA /* Assets.xcassets */ = {isa = PBXFileReference; lastKnownFileType = folder.assetcatalog; path = Assets.xcassets; sourceTree = "<group>"; };
		6E47030A20CED0FD00E71EFA /* Base */ = {isa = PBXFileReference; lastKnownFileType = file.storyboard; name = Base; path = Base.lproj/LaunchScreen.storyboard; sourceTree = "<group>"; };
		6E47030C20CED0FD00E71EFA /* Info.plist */ = {isa = PBXFileReference; lastKnownFileType = text.plist.xml; path = Info.plist; sourceTree = "<group>"; };
		6E47031120CED0FD00E71EFA /* CampeoesdaCopaTests.xctest */ = {isa = PBXFileReference; explicitFileType = wrapper.cfbundle; includeInIndex = 0; path = CampeoesdaCopaTests.xctest; sourceTree = BUILT_PRODUCTS_DIR; };
		6E47031520CED0FD00E71EFA /* CampeoesdaCopaTests.swift */ = {isa = PBXFileReference; lastKnownFileType = sourcecode.swift; path = CampeoesdaCopaTests.swift; sourceTree = "<group>"; };
		6E47031720CED0FD00E71EFA /* Info.plist */ = {isa = PBXFileReference; lastKnownFileType = text.plist.xml; path = Info.plist; sourceTree = "<group>"; };
		6E47031C20CED0FD00E71EFA /* CampeoesdaCopaUITests.xctest */ = {isa = PBXFileReference; explicitFileType = wrapper.cfbundle; includeInIndex = 0; path = CampeoesdaCopaUITests.xctest; sourceTree = BUILT_PRODUCTS_DIR; };
		6E47032020CED0FD00E71EFA /* CampeoesdaCopaUITests.swift */ = {isa = PBXFileReference; lastKnownFileType = sourcecode.swift; path = CampeoesdaCopaUITests.swift; sourceTree = "<group>"; };
		6E47032220CED0FD00E71EFA /* Info.plist */ = {isa = PBXFileReference; lastKnownFileType = text.plist.xml; path = Info.plist; sourceTree = "<group>"; };
/* End PBXFileReference section */

/* Begin PBXFrameworksBuildPhase section */
		6E4702F720CED0FA00E71EFA /* Frameworks */ = {
			isa = PBXFrameworksBuildPhase;
			buildActionMask = 2147483647;
			files = (
			);
			runOnlyForDeploymentPostprocessing = 0;
		};
		6E47030E20CED0FD00E71EFA /* Frameworks */ = {
			isa = PBXFrameworksBuildPhase;
			buildActionMask = 2147483647;
			files = (
			);
			runOnlyForDeploymentPostprocessing = 0;
		};
		6E47031920CED0FD00E71EFA /* Frameworks */ = {
			isa = PBXFrameworksBuildPhase;
			buildActionMask = 2147483647;
			files = (
			);
			runOnlyForDeploymentPostprocessing = 0;
		};
/* End PBXFrameworksBuildPhase section */

/* Begin PBXGroup section */
		6E4702F120CED0FA00E71EFA = {
			isa = PBXGroup;
			children = (
				6E4702FC20CED0FA00E71EFA /* CampeoesdaCopa */,
				6E47031420CED0FD00E71EFA /* CampeoesdaCopaTests */,
				6E47031F20CED0FD00E71EFA /* CampeoesdaCopaUITests */,
				6E4702FB20CED0FA00E71EFA /* Products */,
			);
			sourceTree = "<group>";
		};
		6E4702FB20CED0FA00E71EFA /* Products */ = {
			isa = PBXGroup;
			children = (
				6E4702FA20CED0FA00E71EFA /* CampeoesdaCopa.app */,
				6E47031120CED0FD00E71EFA /* CampeoesdaCopaTests.xctest */,
				6E47031C20CED0FD00E71EFA /* CampeoesdaCopaUITests.xctest */,
			);
			name = Products;
			sourceTree = "<group>";
		};
		6E4702FC20CED0FA00E71EFA /* CampeoesdaCopa */ = {
			isa = PBXGroup;
			children = (
				6E4702FD20CED0FA00E71EFA /* AppDelegate.swift */,
				6E4702FF20CED0FA00E71EFA /* ViewController.swift */,
				6E47030120CED0FA00E71EFA /* Main.storyboard */,
				6E47030720CED0FD00E71EFA /* Assets.xcassets */,
				6E47030920CED0FD00E71EFA /* LaunchScreen.storyboard */,
				6E47030C20CED0FD00E71EFA /* Info.plist */,
				6E47030420CED0FA00E71EFA /* CampeoesdaCopa.xcdatamodeld */,
			);
			path = CampeoesdaCopa;
			sourceTree = "<group>";
		};
		6E47031420CED0FD00E71EFA /* CampeoesdaCopaTests */ = {
			isa = PBXGroup;
			children = (
				6E47031520CED0FD00E71EFA /* CampeoesdaCopaTests.swift */,
				6E47031720CED0FD00E71EFA /* Info.plist */,
			);
			path = CampeoesdaCopaTests;
			sourceTree = "<group>";
		};
		6E47031F20CED0FD00E71EFA /* CampeoesdaCopaUITests */ = {
			isa = PBXGroup;
			children = (
				6E47032020CED0FD00E71EFA /* CampeoesdaCopaUITests.swift */,
				6E47032220CED0FD00E71EFA /* Info.plist */,
			);
			path = CampeoesdaCopaUITests;
			sourceTree = "<group>";
		};
/* End PBXGroup section */

/* Begin PBXNativeTarget section */
		6E4702F920CED0FA00E71EFA /* CampeoesdaCopa */ = {
			isa = PBXNativeTarget;
			buildConfigurationList = 6E47032520CED0FD00E71EFA /* Build configuration list for PBXNativeTarget "CampeoesdaCopa" */;
			buildPhases = (
				6E4702F620CED0FA00E71EFA /* Sources */,
				6E4702F720CED0FA00E71EFA /* Frameworks */,
				6E4702F820CED0FA00E71EFA /* Resources */,
			);
			buildRules = (
			);
			dependencies = (
			);
			name = CampeoesdaCopa;
			productName = CampeoesdaCopa;
			productReference = 6E4702FA20CED0FA00E71EFA /* CampeoesdaCopa.app */;
			productType = "com.apple.product-type.application";
		};
		6E47031020CED0FD00E71EFA /* CampeoesdaCopaTests */ = {
			isa = PBXNativeTarget;
			buildConfigurationList = 6E47032820CED0FD00E71EFA /* Build configuration list for PBXNativeTarget "CampeoesdaCopaTests" */;
			buildPhases = (
				6E47030D20CED0FD00E71EFA /* Sources */,
				6E47030E20CED0FD00E71EFA /* Frameworks */,
				6E47030F20CED0FD00E71EFA /* Resources */,
			);
			buildRules = (
			);
			dependencies = (
				6E47031320CED0FD00E71EFA /* PBXTargetDependency */,
			);
			name = CampeoesdaCopaTests;
			productName = CampeoesdaCopaTests;
			productReference = 6E47031120CED0FD00E71EFA /* CampeoesdaCopaTests.xctest */;
			productType = "com.apple.product-type.bundle.unit-test";
		};
		6E47031B20CED0FD00E71EFA /* CampeoesdaCopaUITests */ = {
			isa = PBXNativeTarget;
			buildConfigurationList = 6E47032B20CED0FD00E71EFA /* Build configuration list for PBXNativeTarget "CampeoesdaCopaUITests" */;
			buildPhases = (
				6E47031820CED0FD00E71EFA /* Sources */,
				6E47031920CED0FD00E71EFA /* Frameworks */,
				6E47031A20CED0FD00E71EFA /* Resources */,
			);
			buildRules = (
			);
			dependencies = (
				6E47031E20CED0FD00E71EFA /* PBXTargetDependency */,
			);
			name = CampeoesdaCopaUITests;
			productName = CampeoesdaCopaUITests;
			productReference = 6E47031C20CED0FD00E71EFA /* CampeoesdaCopaUITests.xctest */;
			productType = "com.apple.product-type.bundle.ui-testing";
		};
/* End PBXNativeTarget section */

/* Begin PBXProject section */
		6E4702F220CED0FA00E71EFA /* Project object */ = {
			isa = PBXProject;
			attributes = {
				LastSwiftUpdateCheck = 0930;
				LastUpgradeCheck = 0930;
				ORGANIZATIONNAME = Lopes;
				TargetAttributes = {
					6E4702F920CED0FA00E71EFA = {
						CreatedOnToolsVersion = 9.3.1;
					};
					6E47031020CED0FD00E71EFA = {
						CreatedOnToolsVersion = 9.3.1;
						TestTargetID = 6E4702F920CED0FA00E71EFA;
					};
					6E47031B20CED0FD00E71EFA = {
						CreatedOnToolsVersion = 9.3.1;
						TestTargetID = 6E4702F920CED0FA00E71EFA;
					};
				};
			};
			buildConfigurationList = 6E4702F520CED0FA00E71EFA /* Build configuration list for PBXProject "CampeoesdaCopa" */;
			compatibilityVersion = "Xcode 9.3";
			developmentRegion = en;
			hasScannedForEncodings = 0;
			knownRegions = (
				en,
				Base,
			);
			mainGroup = 6E4702F120CED0FA00E71EFA;
			productRefGroup = 6E4702FB20CED0FA00E71EFA /* Products */;
			projectDirPath = "";
			projectRoot = "";
			targets = (
				6E4702F920CED0FA00E71EFA /* CampeoesdaCopa */,
				6E47031020CED0FD00E71EFA /* CampeoesdaCopaTests */,
				6E47031B20CED0FD00E71EFA /* CampeoesdaCopaUITests */,
			);
		};
/* End PBXProject section */

/* Begin PBXResourcesBuildPhase section */
		6E4702F820CED0FA00E71EFA /* Resources */ = {
			isa = PBXResourcesBuildPhase;
			buildActionMask = 2147483647;
			files = (
				6E47030B20CED0FD00E71EFA /* LaunchScreen.storyboard in Resources */,
				6E47030820CED0FD00E71EFA /* Assets.xcassets in Resources */,
				6E47030320CED0FA00E71EFA /* Main.storyboard in Resources */,
			);
			runOnlyForDeploymentPostprocessing = 0;
		};
		6E47030F20CED0FD00E71EFA /* Resources */ = {
			isa = PBXResourcesBuildPhase;
			buildActionMask = 2147483647;
			files = (
			);
			runOnlyForDeploymentPostprocessing = 0;
		};
		6E47031A20CED0FD00E71EFA /* Resources */ = {
			isa = PBXResourcesBuildPhase;
			buildActionMask = 2147483647;
			files = (
			);
			runOnlyForDeploymentPostprocessing = 0;
		};
/* End PBXResourcesBuildPhase section */

/* Begin PBXSourcesBuildPhase section */
		6E4702F620CED0FA00E71EFA /* Sources */ = {
			isa = PBXSourcesBuildPhase;
			buildActionMask = 2147483647;
			files = (
				6E47030020CED0FA00E71EFA /* ViewController.swift in Sources */,
				6E47030620CED0FA00E71EFA /* CampeoesdaCopa.xcdatamodeld in Sources */,
				6E4702FE20CED0FA00E71EFA /* AppDelegate.swift in Sources */,
			);
			runOnlyForDeploymentPostprocessing = 0;
		};
		6E47030D20CED0FD00E71EFA /* Sources */ = {
			isa = PBXSourcesBuildPhase;
			buildActionMask = 2147483647;
			files = (
				6E47031620CED0FD00E71EFA /* CampeoesdaCopaTests.swift in Sources */,
			);
			runOnlyForDeploymentPostprocessing = 0;
		};
		6E47031820CED0FD00E71EFA /* Sources */ = {
			isa = PBXSourcesBuildPhase;
			buildActionMask = 2147483647;
			files = (
				6E47032120CED0FD00E71EFA /* CampeoesdaCopaUITests.swift in Sources */,
			);
			runOnlyForDeploymentPostprocessing = 0;
		};
/* End PBXSourcesBuildPhase section */

/* Begin PBXTargetDependency section */
		6E47031320CED0FD00E71EFA /* PBXTargetDependency */ = {
			isa = PBXTargetDependency;
			target = 6E4702F920CED0FA00E71EFA /* CampeoesdaCopa */;
			targetProxy = 6E47031220CED0FD00E71EFA /* PBXContainerItemProxy */;
		};
		6E47031E20CED0FD00E71EFA /* PBXTargetDependency */ = {
			isa = PBXTargetDependency;
			target = 6E4702F920CED0FA00E71EFA /* CampeoesdaCopa */;
			targetProxy = 6E47031D20CED0FD00E71EFA /* PBXContainerItemProxy */;
		};
/* End PBXTargetDependency section */

/* Begin PBXVariantGroup section */
		6E47030120CED0FA00E71EFA /* Main.storyboard */ = {
			isa = PBXVariantGroup;
			children = (
				6E47030220CED0FA00E71EFA /* Base */,
			);
			name = Main.storyboard;
			sourceTree = "<group>";
		};
		6E47030920CED0FD00E71EFA /* LaunchScreen.storyboard */ = {
			isa = PBXVariantGroup;
			children = (
				6E47030A20CED0FD00E71EFA /* Base */,
			);
			name = LaunchScreen.storyboard;
			sourceTree = "<group>";
		};
/* End PBXVariantGroup section */

/* Begin XCBuildConfiguration section */
		6E47032320CED0FD00E71EFA /* Debug */ = {
			isa = XCBuildConfiguration;
			buildSettings = {
				ALWAYS_SEARCH_USER_PATHS = NO;
				CLANG_ANALYZER_NONNULL = YES;
				CLANG_ANALYZER_NUMBER_OBJECT_CONVERSION = YES_AGGRESSIVE;
				CLANG_CXX_LANGUAGE_STANDARD = "gnu++14";
				CLANG_CXX_LIBRARY = "libc++";
				CLANG_ENABLE_MODULES = YES;
				CLANG_ENABLE_OBJC_ARC = YES;
				CLANG_ENABLE_OBJC_WEAK = YES;
				CLANG_WARN_BLOCK_CAPTURE_AUTORELEASING = YES;
				CLANG_WARN_BOOL_CONVERSION = YES;
				CLANG_WARN_COMMA = YES;
				CLANG_WARN_CONSTANT_CONVERSION = YES;
				CLANG_WARN_DEPRECATED_OBJC_IMPLEMENTATIONS = YES;
				CLANG_WARN_DIRECT_OBJC_ISA_USAGE = YES_ERROR;
				CLANG_WARN_DOCUMENTATION_COMMENTS = YES;
				CLANG_WARN_EMPTY_BODY = YES;
				CLANG_WARN_ENUM_CONVERSION = YES;
				CLANG_WARN_INFINITE_RECURSION = YES;
				CLANG_WARN_INT_CONVERSION = YES;
				CLANG_WARN_NON_LITERAL_NULL_CONVERSION = YES;
				CLANG_WARN_OBJC_IMPLICIT_RETAIN_SELF = YES;
				CLANG_WARN_OBJC_LITERAL_CONVERSION = YES;
				CLANG_WARN_OBJC_ROOT_CLASS = YES_ERROR;
				CLANG_WARN_RANGE_LOOP_ANALYSIS = YES;
				CLANG_WARN_STRICT_PROTOTYPES = YES;
				CLANG_WARN_SUSPICIOUS_MOVE = YES;
				CLANG_WARN_UNGUARDED_AVAILABILITY = YES_AGGRESSIVE;
				CLANG_WARN_UNREACHABLE_CODE = YES;
				CLANG_WARN__DUPLICATE_METHOD_MATCH = YES;
				CODE_SIGN_IDENTITY = "iPhone Developer";
				COPY_PHASE_STRIP = NO;
				DEBUG_INFORMATION_FORMAT = dwarf;
				ENABLE_STRICT_OBJC_MSGSEND = YES;
				ENABLE_TESTABILITY = YES;
				GCC_C_LANGUAGE_STANDARD = gnu11;
				GCC_DYNAMIC_NO_PIC = NO;
				GCC_NO_COMMON_BLOCKS = YES;
				GCC_OPTIMIZATION_LEVEL = 0;
				GCC_PREPROCESSOR_DEFINITIONS = (
					"DEBUG=1",
					"$(inherited)",
				);
				GCC_WARN_64_TO_32_BIT_CONVERSION = YES;
				GCC_WARN_ABOUT_RETURN_TYPE = YES_ERROR;
				GCC_WARN_UNDECLARED_SELECTOR = YES;
				GCC_WARN_UNINITIALIZED_AUTOS = YES_AGGRESSIVE;
				GCC_WARN_UNUSED_FUNCTION = YES;
				GCC_WARN_UNUSED_VARIABLE = YES;
				IPHONEOS_DEPLOYMENT_TARGET = 11.3;
				MTL_ENABLE_DEBUG_INFO = YES;
				ONLY_ACTIVE_ARCH = YES;
				SDKROOT = iphoneos;
				SWIFT_ACTIVE_COMPILATION_CONDITIONS = DEBUG;
				SWIFT_OPTIMIZATION_LEVEL = "-Onone";
			};
			name = Debug;
		};
		6E47032420CED0FD00E71EFA /* Release */ = {
			isa = XCBuildConfiguration;
			buildSettings = {
				ALWAYS_SEARCH_USER_PATHS = NO;
				CLANG_ANALYZER_NONNULL = YES;
				CLANG_ANALYZER_NUMBER_OBJECT_CONVERSION = YES_AGGRESSIVE;
				CLANG_CXX_LANGUAGE_STANDARD = "gnu++14";
				CLANG_CXX_LIBRARY = "libc++";
				CLANG_ENABLE_MODULES = YES;
				CLANG_ENABLE_OBJC_ARC = YES;
				CLANG_ENABLE_OBJC_WEAK = YES;
				CLANG_WARN_BLOCK_CAPTURE_AUTORELEASING = YES;
				CLANG_WARN_BOOL_CONVERSION = YES;
				CLANG_WARN_COMMA = YES;
				CLANG_WARN_CONSTANT_CONVERSION = YES;
				CLANG_WARN_DEPRECATED_OBJC_IMPLEMENTATIONS = YES;
				CLANG_WARN_DIRECT_OBJC_ISA_USAGE = YES_ERROR;
				CLANG_WARN_DOCUMENTATION_COMMENTS = YES;
				CLANG_WARN_EMPTY_BODY = YES;
				CLANG_WARN_ENUM_CONVERSION = YES;
				CLANG_WARN_INFINITE_RECURSION = YES;
				CLANG_WARN_INT_CONVERSION = YES;
				CLANG_WARN_NON_LITERAL_NULL_CONVERSION = YES;
				CLANG_WARN_OBJC_IMPLICIT_RETAIN_SELF = YES;
				CLANG_WARN_OBJC_LITERAL_CONVERSION = YES;
				CLANG_WARN_OBJC_ROOT_CLASS = YES_ERROR;
				CLANG_WARN_RANGE_LOOP_ANALYSIS = YES;
				CLANG_WARN_STRICT_PROTOTYPES = YES;
				CLANG_WARN_SUSPICIOUS_MOVE = YES;
				CLANG_WARN_UNGUARDED_AVAILABILITY = YES_AGGRESSIVE;
				CLANG_WARN_UNREACHABLE_CODE = YES;
				CLANG_WARN__DUPLICATE_METHOD_MATCH = YES;
				CODE_SIGN_IDENTITY = "iPhone Developer";
				COPY_PHASE_STRIP = NO;
				DEBUG_INFORMATION_FORMAT = "dwarf-with-dsym";
				ENABLE_NS_ASSERTIONS = NO;
				ENABLE_STRICT_OBJC_MSGSEND = YES;
				GCC_C_LANGUAGE_STANDARD = gnu11;
				GCC_NO_COMMON_BLOCKS = YES;
				GCC_WARN_64_TO_32_BIT_CONVERSION = YES;
				GCC_WARN_ABOUT_RETURN_TYPE = YES_ERROR;
				GCC_WARN_UNDECLARED_SELECTOR = YES;
				GCC_WARN_UNINITIALIZED_AUTOS = YES_AGGRESSIVE;
				GCC_WARN_UNUSED_FUNCTION = YES;
				GCC_WARN_UNUSED_VARIABLE = YES;
				IPHONEOS_DEPLOYMENT_TARGET = 11.3;
				MTL_ENABLE_DEBUG_INFO = NO;
				SDKROOT = iphoneos;
				SWIFT_COMPILATION_MODE = wholemodule;
				SWIFT_OPTIMIZATION_LEVEL = "-O";
				VALIDATE_PRODUCT = YES;
			};
			name = Release;
		};
		6E47032620CED0FD00E71EFA /* Debug */ = {
			isa = XCBuildConfiguration;
			buildSettings = {
				ASSETCATALOG_COMPILER_APPICON_NAME = AppIcon;
				CODE_SIGN_STYLE = Automatic;
				DEVELOPMENT_TEAM = 4SPVN6BRY3;
				INFOPLIST_FILE = CampeoesdaCopa/Info.plist;
				LD_RUNPATH_SEARCH_PATHS = (
					"$(inherited)",
					"@executable_path/Frameworks",
				);
				PRODUCT_BUNDLE_IDENTIFIER = teste.CampeoesdaCopa;
				PRODUCT_NAME = "$(TARGET_NAME)";
				SWIFT_VERSION = 4.0;
				TARGETED_DEVICE_FAMILY = "1,2";
			};
			name = Debug;
		};
		6E47032720CED0FD00E71EFA /* Release */ = {
			isa = XCBuildConfiguration;
			buildSettings = {
				ASSETCATALOG_COMPILER_APPICON_NAME = AppIcon;
				CODE_SIGN_STYLE = Automatic;
				DEVELOPMENT_TEAM = 4SPVN6BRY3;
				INFOPLIST_FILE = CampeoesdaCopa/Info.plist;
				LD_RUNPATH_SEARCH_PATHS = (
					"$(inherited)",
					"@executable_path/Frameworks",
				);
				PRODUCT_BUNDLE_IDENTIFIER = teste.CampeoesdaCopa;
				PRODUCT_NAME = "$(TARGET_NAME)";
				SWIFT_VERSION = 4.0;
				TARGETED_DEVICE_FAMILY = "1,2";
			};
			name = Release;
		};
		6E47032920CED0FD00E71EFA /* Debug */ = {
			isa = XCBuildConfiguration;
			buildSettings = {
				ALWAYS_EMBED_SWIFT_STANDARD_LIBRARIES = YES;
				BUNDLE_LOADER = "$(TEST_HOST)";
				CODE_SIGN_STYLE = Automatic;
				DEVELOPMENT_TEAM = 4SPVN6BRY3;
				INFOPLIST_FILE = CampeoesdaCopaTests/Info.plist;
				LD_RUNPATH_SEARCH_PATHS = (
					"$(inherited)",
					"@executable_path/Frameworks",
					"@loader_path/Frameworks",
				);
				PRODUCT_BUNDLE_IDENTIFIER = teste.CampeoesdaCopaTests;
				PRODUCT_NAME = "$(TARGET_NAME)";
				SWIFT_VERSION = 4.0;
				TARGETED_DEVICE_FAMILY = "1,2";
				TEST_HOST = "$(BUILT_PRODUCTS_DIR)/CampeoesdaCopa.app/CampeoesdaCopa";
			};
			name = Debug;
		};
		6E47032A20CED0FD00E71EFA /* Release */ = {
			isa = XCBuildConfiguration;
			buildSettings = {
				ALWAYS_EMBED_SWIFT_STANDARD_LIBRARIES = YES;
				BUNDLE_LOADER = "$(TEST_HOST)";
				CODE_SIGN_STYLE = Automatic;
				DEVELOPMENT_TEAM = 4SPVN6BRY3;
				INFOPLIST_FILE = CampeoesdaCopaTests/Info.plist;
				LD_RUNPATH_SEARCH_PATHS = (
					"$(inherited)",
					"@executable_path/Frameworks",
					"@loader_path/Frameworks",
				);
				PRODUCT_BUNDLE_IDENTIFIER = teste.CampeoesdaCopaTests;
				PRODUCT_NAME = "$(TARGET_NAME)";
				SWIFT_VERSION = 4.0;
				TARGETED_DEVICE_FAMILY = "1,2";
				TEST_HOST = "$(BUILT_PRODUCTS_DIR)/CampeoesdaCopa.app/CampeoesdaCopa";
			};
			name = Release;
		};
		6E47032C20CED0FD00E71EFA /* Debug */ = {
			isa = XCBuildConfiguration;
			buildSettings = {
				ALWAYS_EMBED_SWIFT_STANDARD_LIBRARIES = YES;
				CODE_SIGN_STYLE = Automatic;
				DEVELOPMENT_TEAM = 4SPVN6BRY3;
				INFOPLIST_FILE = CampeoesdaCopaUITests/Info.plist;
				LD_RUNPATH_SEARCH_PATHS = (
					"$(inherited)",
					"@executable_path/Frameworks",
					"@loader_path/Frameworks",
				);
				PRODUCT_BUNDLE_IDENTIFIER = teste.CampeoesdaCopaUITests;
				PRODUCT_NAME = "$(TARGET_NAME)";
				SWIFT_VERSION = 4.0;
				TARGETED_DEVICE_FAMILY = "1,2";
				TEST_TARGET_NAME = CampeoesdaCopa;
			};
			name = Debug;
		};
		6E47032D20CED0FD00E71EFA /* Release */ = {
			isa = XCBuildConfiguration;
			buildSettings = {
				ALWAYS_EMBED_SWIFT_STANDARD_LIBRARIES = YES;
				CODE_SIGN_STYLE = Automatic;
				DEVELOPMENT_TEAM = 4SPVN6BRY3;
				INFOPLIST_FILE = CampeoesdaCopaUITests/Info.plist;
				LD_RUNPATH_SEARCH_PATHS = (
					"$(inherited)",
					"@executable_path/Frameworks",
					"@loader_path/Frameworks",
				);
				PRODUCT_BUNDLE_IDENTIFIER = teste.CampeoesdaCopaUITests;
				PRODUCT_NAME = "$(TARGET_NAME)";
				SWIFT_VERSION = 4.0;
				TARGETED_DEVICE_FAMILY = "1,2";
				TEST_TARGET_NAME = CampeoesdaCopa;
			};
			name = Release;
		};
/* End XCBuildConfiguration section */

/* Begin XCConfigurationList section */
		6E4702F520CED0FA00E71EFA /* Build configuration list for PBXProject "CampeoesdaCopa" */ = {
			isa = XCConfigurationList;
			buildConfigurations = (
				6E47032320CED0FD00E71EFA /* Debug */,
				6E47032420CED0FD00E71EFA /* Release */,
			);
			defaultConfigurationIsVisible = 0;
			defaultConfigurationName = Release;
		};
		6E47032520CED0FD00E71EFA /* Build configuration list for PBXNativeTarget "CampeoesdaCopa" */ = {
			isa = XCConfigurationList;
			buildConfigurations = (
				6E47032620CED0FD00E71EFA /* Debug */,
				6E47032720CED0FD00E71EFA /* Release */,
			);
			defaultConfigurationIsVisible = 0;
			defaultConfigurationName = Release;
		};
		6E47032820CED0FD00E71EFA /* Build configuration list for PBXNativeTarget "CampeoesdaCopaTests" */ = {
			isa = XCConfigurationList;
			buildConfigurations = (
				6E47032920CED0FD00E71EFA /* Debug */,
				6E47032A20CED0FD00E71EFA /* Release */,
			);
			defaultConfigurationIsVisible = 0;
			defaultConfigurationName = Release;
		};
		6E47032B20CED0FD00E71EFA /* Build configuration list for PBXNativeTarget "CampeoesdaCopaUITests" */ = {
			isa = XCConfigurationList;
			buildConfigurations = (
				6E47032C20CED0FD00E71EFA /* Debug */,
				6E47032D20CED0FD00E71EFA /* Release */,
			);
			defaultConfigurationIsVisible = 0;
			defaultConfigurationName = Release;
		};
/* End XCConfigurationList section */

/* Begin XCVersionGroup section */
		6E47030420CED0FA00E71EFA /* CampeoesdaCopa.xcdatamodeld */ = {
			isa = XCVersionGroup;
			children = (
				6E47030520CED0FA00E71EFA /* CampeoesdaCopa.xcdatamodel */,
			);
			currentVersion = 6E47030520CED0FA00E71EFA /* CampeoesdaCopa.xcdatamodel */;
			path = CampeoesdaCopa.xcdatamodeld;
			sourceTree = "<group>";
			versionGroupType = wrapper.xcdatamodel;
		};
/* End XCVersionGroup section */
	};
	rootObject = 6E4702F220CED0FA00E71EFA /* Project object */;
}
